
Microsoft Visual Studio Solution File, Format Version 12.00
# Visual Studio 14
VisualStudioVersion = 14.0.25420.1
MinimumVisualStudioVersion = 10.0.40219.1
Project("{FAE04EC0-301F-11D3-BF4B-00C04F79EFBC}") = "FruitOrVegetable", "FruitOrVegetable\FruitOrVegetable.csproj", "{DBCDAEEF-03B5-4C75-954C-F8421CEFCD19}"
EndProject
Global
	GlobalSection(SolutionConfigurationPlatforms) = preSolution
		Debug|Any CPU = Debug|Any CPU
		Release|Any CPU = Release|Any CPU
	EndGlobalSection
	GlobalSection(ProjectConfigurationPlatforms) = postSolution
		{DBCDAEEF-03B5-4C75-954C-F8421CEFCD19}.Debug|Any CPU.ActiveCfg = Debug|Any CPU
		{DBCDAEEF-03B5-4C75-954C-F8421CEFCD19}.Debug|Any CPU.Build.0 = Debug|Any CPU
		{DBCDAEEF-03B5-4C75-954C-F8421CEFCD19}.Release|Any CPU.ActiveCfg = Release|Any CPU
		{DBCDAEEF-03B5-4C75-954C-F8421CEFCD19}.Release|Any CPU.Build.0 = Release|Any CPU
	EndGlobalSection
	GlobalSection(SolutionProperties) = preSolution
		HideSolutionNode = FALSE
	EndGlobalSection
EndGlobal
